
Microsoft Visual Studio Solution File, Format Version 12.00
# Visual Studio Version 17
VisualStudioVersion = 17.8.34525.116
MinimumVisualStudioVersion = 10.0.40219.1
Project("{FAE04EC0-301F-11D3-BF4B-00C04F79EFBC}") = "InventoriaMaui", "InventoriaMaui\InventoriaMaui.csproj", "{A56C74C9-BB05-4593-A52F-82DC3FBA2BFB}"
EndProject
Global
	GlobalSection(SolutionConfigurationPlatforms) = preSolution
		Debug|Any CPU = Debug|Any CPU
		Release|Any CPU = Release|Any CPU
	EndGlobalSection
	GlobalSection(ProjectConfigurationPlatforms) = postSolution
		{A56C74C9-BB05-4593-A52F-82DC3FBA2BFB}.Debug|Any CPU.ActiveCfg = Debug|Any CPU
		{A56C74C9-BB05-4593-A52F-82DC3FBA2BFB}.Debug|Any CPU.Build.0 = Debug|Any CPU
		{A56C74C9-BB05-4593-A52F-82DC3FBA2BFB}.Debug|Any CPU.Deploy.0 = Debug|Any CPU
		{A56C74C9-BB05-4593-A52F-82DC3FBA2BFB}.Release|Any CPU.ActiveCfg = Release|Any CPU
		{A56C74C9-BB05-4593-A52F-82DC3FBA2BFB}.Release|Any CPU.Build.0 = Release|Any CPU
		{A56C74C9-BB05-4593-A52F-82DC3FBA2BFB}.Release|Any CPU.Deploy.0 = Release|Any CPU
	EndGlobalSection
	GlobalSection(SolutionProperties) = preSolution
		HideSolutionNode = FALSE
	EndGlobalSection
	GlobalSection(ExtensibilityGlobals) = postSolution
		SolutionGuid = {A2E69C15-3568-4F9F-824C-FD44D5F029E8}
	EndGlobalSection
EndGlobal
